
Microsoft Visual Studio Solution File, Format Version 12.00
# Visual Studio Version 17
VisualStudioVersion = 17.5.33424.131
MinimumVisualStudioVersion = 10.0.40219.1
Project("{9A19103F-16F7-4668-BE54-9A1E7A4F7556}") = "JsonViewComparer", "JsonViewComparer\JsonViewComparer.csproj", "{46D6F07D-E8E2-4B52-9CE8-158C191B25E5}"
EndProject
Project("{9A19103F-16F7-4668-BE54-9A1E7A4F7556}") = "JsonDataTool", "JsonDataTool\JsonDataTool.csproj", "{41943F02-3DC7-40FD-B31F-78B55B011153}"
EndProject
Project("{2150E333-8FDC-42A3-9474-1A3956D46DE8}") = "Screenshot", "Screenshot", "{DBAE1769-5F87-4F79-ABDE-AD78C01AF5C1}"
	ProjectSection(SolutionItems) = preProject
		Screenshot\JsonDataComparerScreen.PNG = Screenshot\JsonDataComparerScreen.PNG
	EndProjectSection
EndProject
Global
	GlobalSection(SolutionConfigurationPlatforms) = preSolution
		Debug|Any CPU = Debug|Any CPU
		Release|Any CPU = Release|Any CPU
	EndGlobalSection
	GlobalSection(ProjectConfigurationPlatforms) = postSolution
		{46D6F07D-E8E2-4B52-9CE8-158C191B25E5}.Debug|Any CPU.ActiveCfg = Debug|Any CPU
		{46D6F07D-E8E2-4B52-9CE8-158C191B25E5}.Debug|Any CPU.Build.0 = Debug|Any CPU
		{46D6F07D-E8E2-4B52-9CE8-158C191B25E5}.Release|Any CPU.ActiveCfg = Release|Any CPU
		{46D6F07D-E8E2-4B52-9CE8-158C191B25E5}.Release|Any CPU.Build.0 = Release|Any CPU
		{41943F02-3DC7-40FD-B31F-78B55B011153}.Debug|Any CPU.ActiveCfg = Debug|Any CPU
		{41943F02-3DC7-40FD-B31F-78B55B011153}.Debug|Any CPU.Build.0 = Debug|Any CPU
		{41943F02-3DC7-40FD-B31F-78B55B011153}.Release|Any CPU.ActiveCfg = Release|Any CPU
		{41943F02-3DC7-40FD-B31F-78B55B011153}.Release|Any CPU.Build.0 = Release|Any CPU
	EndGlobalSection
	GlobalSection(SolutionProperties) = preSolution
		HideSolutionNode = FALSE
	EndGlobalSection
	GlobalSection(ExtensibilityGlobals) = postSolution
		SolutionGuid = {4674CDDE-855E-485B-8D23-A3EC8E5C9A14}
	EndGlobalSection
EndGlobal
